// !$*UTF8*$!
{
	archiveVersion = 1;
	classes = {
	};
	objectVersion = 50;
	objects = {

/* Begin PBXBuildFile section */
		8425CD5026A1C08A00815951 /* AppDelegate.swift in Sources */ = {isa = PBXBuildFile; fileRef = 8425CD4F26A1C08A00815951 /* AppDelegate.swift */; };
		8425CD5226A1C08A00815951 /* SceneDelegate.swift in Sources */ = {isa = PBXBuildFile; fileRef = 8425CD5126A1C08A00815951 /* SceneDelegate.swift */; };
		8425CD5426A1C08A00815951 /* ViewController.swift in Sources */ = {isa = PBXBuildFile; fileRef = 8425CD5326A1C08A00815951 /* ViewController.swift */; };
		8425CD5726A1C08A00815951 /* Main.storyboard in Resources */ = {isa = PBXBuildFile; fileRef = 8425CD5526A1C08A00815951 /* Main.storyboard */; };
		8425CD5926A1C08B00815951 /* Assets.xcassets in Resources */ = {isa = PBXBuildFile; fileRef = 8425CD5826A1C08B00815951 /* Assets.xcassets */; };
		8425CD5C26A1C08B00815951 /* LaunchScreen.storyboard in Resources */ = {isa = PBXBuildFile; fileRef = 8425CD5A26A1C08B00815951 /* LaunchScreen.storyboard */; };
		8425CD6426A1D03F00815951 /* structJson.swift in Sources */ = {isa = PBXBuildFile; fileRef = 8425CD6326A1D03F00815951 /* structJson.swift */; };
		E70450DD5D404E9805EA82AA /* Pods_AppApiTable.framework in Frameworks */ = {isa = PBXBuildFile; fileRef = 7D7F54BE99CE07F0C4F5D69A /* Pods_AppApiTable.framework */; };
/* End PBXBuildFile section */

/* Begin PBXFileReference section */
		7D7F54BE99CE07F0C4F5D69A /* Pods_AppApiTable.framework */ = {isa = PBXFileReference; explicitFileType = wrapper.framework; includeInIndex = 0; path = Pods_AppApiTable.framework; sourceTree = BUILT_PRODUCTS_DIR; };
		8425CD4C26A1C08A00815951 /* AppApiTable.app */ = {isa = PBXFileReference; explicitFileType = wrapper.application; includeInIndex = 0; path = AppApiTable.app; sourceTree = BUILT_PRODUCTS_DIR; };
		8425CD4F26A1C08A00815951 /* AppDelegate.swift */ = {isa = PBXFileReference; lastKnownFileType = sourcecode.swift; path = AppDelegate.swift; sourceTree = "<group>"; };
		8425CD5126A1C08A00815951 /* SceneDelegate.swift */ = {isa = PBXFileReference; lastKnownFileType = sourcecode.swift; path = SceneDelegate.swift; sourceTree = "<group>"; };
		8425CD5326A1C08A00815951 /* ViewController.swift */ = {isa = PBXFileReference; lastKnownFileType = sourcecode.swift; path = ViewController.swift; sourceTree = "<group>"; };
		8425CD5626A1C08A00815951 /* Base */ = {isa = PBXFileReference; lastKnownFileType = file.storyboard; name = Base; path = Base.lproj/Main.storyboard; sourceTree = "<group>"; };
		8425CD5826A1C08B00815951 /* Assets.xcassets */ = {isa = PBXFileReference; lastKnownFileType = folder.assetcatalog; path = Assets.xcassets; sourceTree = "<group>"; };
		8425CD5B26A1C08B00815951 /* Base */ = {isa = PBXFileReference; lastKnownFileType = file.storyboard; name = Base; path = Base.lproj/LaunchScreen.storyboard; sourceTree = "<group>"; };
		8425CD5D26A1C08B00815951 /* Info.plist */ = {isa = PBXFileReference; lastKnownFileType = text.plist.xml; path = Info.plist; sourceTree = "<group>"; };
		8425CD6326A1D03F00815951 /* structJson.swift */ = {isa = PBXFileReference; lastKnownFileType = sourcecode.swift; path = structJson.swift; sourceTree = "<group>"; };
		A747DFF47F039A13C79E623C /* Pods-AppApiTable.debug.xcconfig */ = {isa = PBXFileReference; includeInIndex = 1; lastKnownFileType = text.xcconfig; name = "Pods-AppApiTable.debug.xcconfig"; path = "Target Support Files/Pods-AppApiTable/Pods-AppApiTable.debug.xcconfig"; sourceTree = "<group>"; };
		FE2379443992438178677DF4 /* Pods-AppApiTable.release.xcconfig */ = {isa = PBXFileReference; includeInIndex = 1; lastKnownFileType = text.xcconfig; name = "Pods-AppApiTable.release.xcconfig"; path = "Target Support Files/Pods-AppApiTable/Pods-AppApiTable.release.xcconfig"; sourceTree = "<group>"; };
/* End PBXFileReference section */

/* Begin PBXFrameworksBuildPhase section */
		8425CD4926A1C08A00815951 /* Frameworks */ = {
			isa = PBXFrameworksBuildPhase;
			buildActionMask = 2147483647;
			files = (
				E70450DD5D404E9805EA82AA /* Pods_AppApiTable.framework in Frameworks */,
			);
			runOnlyForDeploymentPostprocessing = 0;
		};
/* End PBXFrameworksBuildPhase section */

/* Begin PBXGroup section */
		563C3A6E237EE6C08AED93C8 /* Frameworks */ = {
			isa = PBXGroup;
			children = (
				7D7F54BE99CE07F0C4F5D69A /* Pods_AppApiTable.framework */,
			);
			name = Frameworks;
			sourceTree = "<group>";
		};
		8425CD4326A1C08900815951 = {
			isa = PBXGroup;
			children = (
				8425CD4E26A1C08A00815951 /* AppApiTable */,
				8425CD4D26A1C08A00815951 /* Products */,
				8B4FC6DAA47137CC0CC03A91 /* Pods */,
				563C3A6E237EE6C08AED93C8 /* Frameworks */,
			);
			sourceTree = "<group>";
		};
		8425CD4D26A1C08A00815951 /* Products */ = {
			isa = PBXGroup;
			children = (
				8425CD4C26A1C08A00815951 /* AppApiTable.app */,
			);
			name = Products;
			sourceTree = "<group>";
		};
		8425CD4E26A1C08A00815951 /* AppApiTable */ = {
			isa = PBXGroup;
			children = (
				8425CD4F26A1C08A00815951 /* AppDelegate.swift */,
				8425CD5126A1C08A00815951 /* SceneDelegate.swift */,
				8425CD5326A1C08A00815951 /* ViewController.swift */,
				8425CD6326A1D03F00815951 /* structJson.swift */,
				8425CD5526A1C08A00815951 /* Main.storyboard */,
				8425CD5826A1C08B00815951 /* Assets.xcassets */,
				8425CD5A26A1C08B00815951 /* LaunchScreen.storyboard */,
				8425CD5D26A1C08B00815951 /* Info.plist */,
			);
			path = AppApiTable;
			sourceTree = "<group>";
		};
		8B4FC6DAA47137CC0CC03A91 /* Pods */ = {
			isa = PBXGroup;
			children = (
				A747DFF47F039A13C79E623C /* Pods-AppApiTable.debug.xcconfig */,
				FE2379443992438178677DF4 /* Pods-AppApiTable.release.xcconfig */,
			);
			name = Pods;
			path = Pods;
			sourceTree = "<group>";
		};
/* End PBXGroup section */

/* Begin PBXNativeTarget section */
		8425CD4B26A1C08A00815951 /* AppApiTable */ = {
			isa = PBXNativeTarget;
			buildConfigurationList = 8425CD6026A1C08B00815951 /* Build configuration list for PBXNativeTarget "AppApiTable" */;
			buildPhases = (
				6ED1A842D0EF1D7020068540 /* [CP] Check Pods Manifest.lock */,
				8425CD4826A1C08A00815951 /* Sources */,
				8425CD4926A1C08A00815951 /* Frameworks */,
				8425CD4A26A1C08A00815951 /* Resources */,
				2D366A8E8BCF78A36285FF0C /* [CP] Embed Pods Frameworks */,
			);
			buildRules = (
			);
			dependencies = (
			);
			name = AppApiTable;
			productName = AppApiTable;
			productReference = 8425CD4C26A1C08A00815951 /* AppApiTable.app */;
			productType = "com.apple.product-type.application";
		};
/* End PBXNativeTarget section */

/* Begin PBXProject section */
		8425CD4426A1C08900815951 /* Project object */ = {
			isa = PBXProject;
			attributes = {
				LastSwiftUpdateCheck = 1250;
				LastUpgradeCheck = 1250;
				TargetAttributes = {
					8425CD4B26A1C08A00815951 = {
						CreatedOnToolsVersion = 12.5;
					};
				};
			};
			buildConfigurationList = 8425CD4726A1C08900815951 /* Build configuration list for PBXProject "AppApiTable" */;
			compatibilityVersion = "Xcode 9.3";
			developmentRegion = en;
			hasScannedForEncodings = 0;
			knownRegions = (
				en,
				Base,
			);
			mainGroup = 8425CD4326A1C08900815951;
			productRefGroup = 8425CD4D26A1C08A00815951 /* Products */;
			projectDirPath = "";
			projectRoot = "";
			targets = (
				8425CD4B26A1C08A00815951 /* AppApiTable */,
			);
		};
/* End PBXProject section */

/* Begin PBXResourcesBuildPhase section */
		8425CD4A26A1C08A00815951 /* Resources */ = {
			isa = PBXResourcesBuildPhase;
			buildActionMask = 2147483647;
			files = (
				8425CD5C26A1C08B00815951 /* LaunchScreen.storyboard in Resources */,
				8425CD5926A1C08B00815951 /* Assets.xcassets in Resources */,
				8425CD5726A1C08A00815951 /* Main.storyboard in Resources */,
			);
			runOnlyForDeploymentPostprocessing = 0;
		};
/* End PBXResourcesBuildPhase section */

/* Begin PBXShellScriptBuildPhase section */
		2D366A8E8BCF78A36285FF0C /* [CP] Embed Pods Frameworks */ = {
			isa = PBXShellScriptBuildPhase;
			buildActionMask = 2147483647;
			files = (
			);
			inputFileListPaths = (
				"${PODS_ROOT}/Target Support Files/Pods-AppApiTable/Pods-AppApiTable-frameworks-${CONFIGURATION}-input-files.xcfilelist",
			);
			name = "[CP] Embed Pods Frameworks";
			outputFileListPaths = (
				"${PODS_ROOT}/Target Support Files/Pods-AppApiTable/Pods-AppApiTable-frameworks-${CONFIGURATION}-output-files.xcfilelist",
			);
			runOnlyForDeploymentPostprocessing = 0;
			shellPath = /bin/sh;
			shellScript = "\"${PODS_ROOT}/Target Support Files/Pods-AppApiTable/Pods-AppApiTable-frameworks.sh\"\n";
			showEnvVarsInLog = 0;
		};
		6ED1A842D0EF1D7020068540 /* [CP] Check Pods Manifest.lock */ = {
			isa = PBXShellScriptBuildPhase;
			buildActionMask = 2147483647;
			files = (
			);
			inputFileListPaths = (
			);
			inputPaths = (
				"${PODS_PODFILE_DIR_PATH}/Podfile.lock",
				"${PODS_ROOT}/Manifest.lock",
			);
			name = "[CP] Check Pods Manifest.lock";
			outputFileListPaths = (
			);
			outputPaths = (
				"$(DERIVED_FILE_DIR)/Pods-AppApiTable-checkManifestLockResult.txt",
			);
			runOnlyForDeploymentPostprocessing = 0;
			shellPath = /bin/sh;
			shellScript = "diff \"${PODS_PODFILE_DIR_PATH}/Podfile.lock\" \"${PODS_ROOT}/Manifest.lock\" > /dev/null\nif [ $? != 0 ] ; then\n    # print error to STDERR\n    echo \"error: The sandbox is not in sync with the Podfile.lock. Run 'pod install' or update your CocoaPods installation.\" >&2\n    exit 1\nfi\n# This output is used by Xcode 'outputs' to avoid re-running this script phase.\necho \"SUCCESS\" > \"${SCRIPT_OUTPUT_FILE_0}\"\n";
			showEnvVarsInLog = 0;
		};
/* End PBXShellScriptBuildPhase section */

/* Begin PBXSourcesBuildPhase section */
		8425CD4826A1C08A00815951 /* Sources */ = {
			isa = PBXSourcesBuildPhase;
			buildActionMask = 2147483647;
			files = (
				8425CD5426A1C08A00815951 /* ViewController.swift in Sources */,
				8425CD5026A1C08A00815951 /* AppDelegate.swift in Sources */,
				8425CD6426A1D03F00815951 /* structJson.swift in Sources */,
				8425CD5226A1C08A00815951 /* SceneDelegate.swift in Sources */,
			);
			runOnlyForDeploymentPostprocessing = 0;
		};
/* End PBXSourcesBuildPhase section */

/* Begin PBXVariantGroup section */
		8425CD5526A1C08A00815951 /* Main.storyboard */ = {
			isa = PBXVariantGroup;
			children = (
				8425CD5626A1C08A00815951 /* Base */,
			);
			name = Main.storyboard;
			sourceTree = "<group>";
		};
		8425CD5A26A1C08B00815951 /* LaunchScreen.storyboard */ = {
			isa = PBXVariantGroup;
			children = (
				8425CD5B26A1C08B00815951 /* Base */,
			);
			name = LaunchScreen.storyboard;
			sourceTree = "<group>";
		};
/* End PBXVariantGroup section */

/* Begin XCBuildConfiguration section */
		8425CD5E26A1C08B00815951 /* Debug */ = {
			isa = XCBuildConfiguration;
			buildSettings = {
				ALWAYS_SEARCH_USER_PATHS = NO;
				CLANG_ANALYZER_NONNULL = YES;
				CLANG_ANALYZER_NUMBER_OBJECT_CONVERSION = YES_AGGRESSIVE;
				CLANG_CXX_LANGUAGE_STANDARD = "gnu++14";
				CLANG_CXX_LIBRARY = "libc++";
				CLANG_ENABLE_MODULES = YES;
				CLANG_ENABLE_OBJC_ARC = YES;
				CLANG_ENABLE_OBJC_WEAK = YES;
				CLANG_WARN_BLOCK_CAPTURE_AUTORELEASING = YES;
				CLANG_WARN_BOOL_CONVERSION = YES;
				CLANG_WARN_COMMA = YES;
				CLANG_WARN_CONSTANT_CONVERSION = YES;
				CLANG_WARN_DEPRECATED_OBJC_IMPLEMENTATIONS = YES;
				CLANG_WARN_DIRECT_OBJC_ISA_USAGE = YES_ERROR;
				CLANG_WARN_DOCUMENTATION_COMMENTS = YES;
				CLANG_WARN_EMPTY_BODY = YES;
				CLANG_WARN_ENUM_CONVERSION = YES;
				CLANG_WARN_INFINITE_RECURSION = YES;
				CLANG_WARN_INT_CONVERSION = YES;
				CLANG_WARN_NON_LITERAL_NULL_CONVERSION = YES;
				CLANG_WARN_OBJC_IMPLICIT_RETAIN_SELF = YES;
				CLANG_WARN_OBJC_LITERAL_CONVERSION = YES;
				CLANG_WARN_OBJC_ROOT_CLASS = YES_ERROR;
				CLANG_WARN_QUOTED_INCLUDE_IN_FRAMEWORK_HEADER = YES;
				CLANG_WARN_RANGE_LOOP_ANALYSIS = YES;
				CLANG_WARN_STRICT_PROTOTYPES = YES;
				CLANG_WARN_SUSPICIOUS_MOVE = YES;
				CLANG_WARN_UNGUARDED_AVAILABILITY = YES_AGGRESSIVE;
				CLANG_WARN_UNREACHABLE_CODE = YES;
				CLANG_WARN__DUPLICATE_METHOD_MATCH = YES;
				COPY_PHASE_STRIP = NO;
				DEBUG_INFORMATION_FORMAT = dwarf;
				ENABLE_STRICT_OBJC_MSGSEND = YES;
				ENABLE_TESTABILITY = YES;
				GCC_C_LANGUAGE_STANDARD = gnu11;
				GCC_DYNAMIC_NO_PIC = NO;
				GCC_NO_COMMON_BLOCKS = YES;
				GCC_OPTIMIZATION_LEVEL = 0;
				GCC_PREPROCESSOR_DEFINITIONS = (
					"DEBUG=1",
					"$(inherited)",
				);
				GCC_WARN_64_TO_32_BIT_CONVERSION = YES;
				GCC_WARN_ABOUT_RETURN_TYPE = YES_ERROR;
				GCC_WARN_UNDECLARED_SELECTOR = YES;
				GCC_WARN_UNINITIALIZED_AUTOS = YES_AGGRESSIVE;
				GCC_WARN_UNUSED_FUNCTION = YES;
				GCC_WARN_UNUSED_VARIABLE = YES;
				IPHONEOS_DEPLOYMENT_TARGET = 14.5;
				MTL_ENABLE_DEBUG_INFO = INCLUDE_SOURCE;
				MTL_FAST_MATH = YES;
				ONLY_ACTIVE_ARCH = YES;
				SDKROOT = iphoneos;
				SWIFT_ACTIVE_COMPILATION_CONDITIONS = DEBUG;
				SWIFT_OPTIMIZATION_LEVEL = "-Onone";
			};
			name = Debug;
		};
		8425CD5F26A1C08B00815951 /* Release */ = {
			isa = XCBuildConfiguration;
			buildSettings = {
				ALWAYS_SEARCH_USER_PATHS = NO;
				CLANG_ANALYZER_NONNULL = YES;
				CLANG_ANALYZER_NUMBER_OBJECT_CONVERSION = YES_AGGRESSIVE;
				CLANG_CXX_LANGUAGE_STANDARD = "gnu++14";
				CLANG_CXX_LIBRARY = "libc++";
				CLANG_ENABLE_MODULES = YES;
				CLANG_ENABLE_OBJC_ARC = YES;
				CLANG_ENABLE_OBJC_WEAK = YES;
				CLANG_WARN_BLOCK_CAPTURE_AUTORELEASING = YES;
				CLANG_WARN_BOOL_CONVERSION = YES;
				CLANG_WARN_COMMA = YES;
				CLANG_WARN_CONSTANT_CONVERSION = YES;
				CLANG_WARN_DEPRECATED_OBJC_IMPLEMENTATIONS = YES;
				CLANG_WARN_DIRECT_OBJC_ISA_USAGE = YES_ERROR;
				CLANG_WARN_DOCUMENTATION_COMMENTS = YES;
				CLANG_WARN_EMPTY_BODY = YES;
				CLANG_WARN_ENUM_CONVERSION = YES;
				CLANG_WARN_INFINITE_RECURSION = YES;
				CLANG_WARN_INT_CONVERSION = YES;
				CLANG_WARN_NON_LITERAL_NULL_CONVERSION = YES;
				CLANG_WARN_OBJC_IMPLICIT_RETAIN_SELF = YES;
				CLANG_WARN_OBJC_LITERAL_CONVERSION = YES;
				CLANG_WARN_OBJC_ROOT_CLASS = YES_ERROR;
				CLANG_WARN_QUOTED_INCLUDE_IN_FRAMEWORK_HEADER = YES;
				CLANG_WARN_RANGE_LOOP_ANALYSIS = YES;
				CLANG_WARN_STRICT_PROTOTYPES = YES;
				CLANG_WARN_SUSPICIOUS_MOVE = YES;
				CLANG_WARN_UNGUARDED_AVAILABILITY = YES_AGGRESSIVE;
				CLANG_WARN_UNREACHABLE_CODE = YES;
				CLANG_WARN__DUPLICATE_METHOD_MATCH = YES;
				COPY_PHASE_STRIP = NO;
				DEBUG_INFORMATION_FORMAT = "dwarf-with-dsym";
				ENABLE_NS_ASSERTIONS = NO;
				ENABLE_STRICT_OBJC_MSGSEND = YES;
				GCC_C_LANGUAGE_STANDARD = gnu11;
				GCC_NO_COMMON_BLOCKS = YES;
				GCC_WARN_64_TO_32_BIT_CONVERSION = YES;
				GCC_WARN_ABOUT_RETURN_TYPE = YES_ERROR;
				GCC_WARN_UNDECLARED_SELECTOR = YES;
				GCC_WARN_UNINITIALIZED_AUTOS = YES_AGGRESSIVE;
				GCC_WARN_UNUSED_FUNCTION = YES;
				GCC_WARN_UNUSED_VARIABLE = YES;
				IPHONEOS_DEPLOYMENT_TARGET = 14.5;
				MTL_ENABLE_DEBUG_INFO = NO;
				MTL_FAST_MATH = YES;
				SDKROOT = iphoneos;
				SWIFT_COMPILATION_MODE = wholemodule;
				SWIFT_OPTIMIZATION_LEVEL = "-O";
				VALIDATE_PRODUCT = YES;
			};
			name = Release;
		};
		8425CD6126A1C08B00815951 /* Debug */ = {
			isa = XCBuildConfiguration;
			baseConfigurationReference = A747DFF47F039A13C79E623C /* Pods-AppApiTable.debug.xcconfig */;
			buildSettings = {
				ASSETCATALOG_COMPILER_APPICON_NAME = AppIcon;
				ASSETCATALOG_COMPILER_GLOBAL_ACCENT_COLOR_NAME = AccentColor;
				CODE_SIGN_STYLE = Automatic;
				DEVELOPMENT_TEAM = 36UGUWSVU4;
				INFOPLIST_FILE = AppApiTable/Info.plist;
				IPHONEOS_DEPLOYMENT_TARGET = 13.0;
				LD_RUNPATH_SEARCH_PATHS = (
					"$(inherited)",
					"@executable_path/Frameworks",
				);
				PRODUCT_BUNDLE_IDENTIFIER = Ramazan.AppApiTable;
				PRODUCT_NAME = "$(TARGET_NAME)";
				SWIFT_VERSION = 5.0;
				TARGETED_DEVICE_FAMILY = "1,2";
			};
			name = Debug;
		};
		8425CD6226A1C08B00815951 /* Release */ = {
			isa = XCBuildConfiguration;
			baseConfigurationReference = FE2379443992438178677DF4 /* Pods-AppApiTable.release.xcconfig */;
			buildSettings = {
				ASSETCATALOG_COMPILER_APPICON_NAME = AppIcon;
				ASSETCATALOG_COMPILER_GLOBAL_ACCENT_COLOR_NAME = AccentColor;
				CODE_SIGN_STYLE = Automatic;
				DEVELOPMENT_TEAM = 36UGUWSVU4;
				INFOPLIST_FILE = AppApiTable/Info.plist;
				IPHONEOS_DEPLOYMENT_TARGET = 13.0;
				LD_RUNPATH_SEARCH_PATHS = (
					"$(inherited)",
					"@executable_path/Frameworks",
				);
				PRODUCT_BUNDLE_IDENTIFIER = Ramazan.AppApiTable;
				PRODUCT_NAME = "$(TARGET_NAME)";
				SWIFT_VERSION = 5.0;
				TARGETED_DEVICE_FAMILY = "1,2";
			};
			name = Release;
		};
/* End XCBuildConfiguration section */

/* Begin XCConfigurationList section */
		8425CD4726A1C08900815951 /* Build configuration list for PBXProject "AppApiTable" */ = {
			isa = XCConfigurationList;
			buildConfigurations = (
				8425CD5E26A1C08B00815951 /* Debug */,
				8425CD5F26A1C08B00815951 /* Release */,
			);
			defaultConfigurationIsVisible = 0;
			defaultConfigurationName = Release;
		};
		8425CD6026A1C08B00815951 /* Build configuration list for PBXNativeTarget "AppApiTable" */ = {
			isa = XCConfigurationList;
			buildConfigurations = (
				8425CD6126A1C08B00815951 /* Debug */,
				8425CD6226A1C08B00815951 /* Release */,
			);
			defaultConfigurationIsVisible = 0;
			defaultConfigurationName = Release;
		};
/* End XCConfigurationList section */
	};
	rootObject = 8425CD4426A1C08900815951 /* Project object */;
}
